
Microsoft Visual Studio Solution File, Format Version 12.00
# Visual Studio Version 17
VisualStudioVersion = 17.11.35222.181
MinimumVisualStudioVersion = 10.0.40219.1
Project("{9A19103F-16F7-4668-BE54-9A1E7A4F7556}") = "CodeToImageGenerator.Demo", "CodeToImageGenerator\CodeToImageGenerator.Demo.csproj", "{0B6BB298-1A27-4136-BD46-C6D11A584CAA}"
EndProject
Project("{9A19103F-16F7-4668-BE54-9A1E7A4F7556}") = "CodeToImageGenerator.Common", "CodeToImageGenerator.Common\CodeToImageGenerator.Common.csproj", "{F44DA5C0-6C22-4266-B269-8E41397E767A}"
EndProject
Project("{9A19103F-16F7-4668-BE54-9A1E7A4F7556}") = "CodeToImageGenerator.Web", "CodeToImageGenerator.Web\CodeToImageGenerator.Web.csproj", "{EA92EB59-66BC-43A6-A0B0-71F6495B346F}"
EndProject
Global
	GlobalSection(SolutionConfigurationPlatforms) = preSolution
		Debug|Any CPU = Debug|Any CPU
		Release|Any CPU = Release|Any CPU
	EndGlobalSection
	GlobalSection(ProjectConfigurationPlatforms) = postSolution
		{0B6BB298-1A27-4136-BD46-C6D11A584CAA}.Debug|Any CPU.ActiveCfg = Debug|Any CPU
		{0B6BB298-1A27-4136-BD46-C6D11A584CAA}.Debug|Any CPU.Build.0 = Debug|Any CPU
		{0B6BB298-1A27-4136-BD46-C6D11A584CAA}.Release|Any CPU.ActiveCfg = Release|Any CPU
		{0B6BB298-1A27-4136-BD46-C6D11A584CAA}.Release|Any CPU.Build.0 = Release|Any CPU
		{F44DA5C0-6C22-4266-B269-8E41397E767A}.Debug|Any CPU.ActiveCfg = Debug|Any CPU
		{F44DA5C0-6C22-4266-B269-8E41397E767A}.Debug|Any CPU.Build.0 = Debug|Any CPU
		{F44DA5C0-6C22-4266-B269-8E41397E767A}.Release|Any CPU.ActiveCfg = Release|Any CPU
		{F44DA5C0-6C22-4266-B269-8E41397E767A}.Release|Any CPU.Build.0 = Release|Any CPU
		{EA92EB59-66BC-43A6-A0B0-71F6495B346F}.Debug|Any CPU.ActiveCfg = Debug|Any CPU
		{EA92EB59-66BC-43A6-A0B0-71F6495B346F}.Debug|Any CPU.Build.0 = Debug|Any CPU
		{EA92EB59-66BC-43A6-A0B0-71F6495B346F}.Release|Any CPU.ActiveCfg = Release|Any CPU
		{EA92EB59-66BC-43A6-A0B0-71F6495B346F}.Release|Any CPU.Build.0 = Release|Any CPU
	EndGlobalSection
	GlobalSection(SolutionProperties) = preSolution
		HideSolutionNode = FALSE
	EndGlobalSection
	GlobalSection(ExtensibilityGlobals) = postSolution
		SolutionGuid = {F9698613-C1B0-47E3-9F6A-23B0A43903F2}
	EndGlobalSection
EndGlobal
